[[package]]
name = "ais-decoder"
version = "0.1.0"
dependencies = [
 "crc 1.8.1 (registry+https://github.com/rust-lang/crates.io-index)",
 "gnuplot 0.0.26 (registry+https://github.com/rust-lang/crates.io-index)",
 "hound 3.4.0 (registry+https://github.com/rust-lang/crates.io-index)",
]

[[package]]
name = "build_const"
version = "0.2.1"
source = "registry+https://github.com/rust-lang/crates.io-index"

[[package]]
name = "crc"
version = "1.8.1"
source = "registry+https://github.com/rust-lang/crates.io-index"
dependencies = [
 "build_const 0.2.1 (registry+https://github.com/rust-lang/crates.io-index)",
]

[[package]]
name = "gnuplot"
version = "0.0.26"
source = "registry+https://github.com/rust-lang/crates.io-index"

[[package]]
name = "hound"
version = "3.4.0"
source = "registry+https://github.com/rust-lang/crates.io-index"

[metadata]
"checksum build_const 0.2.1 (registry+https://github.com/rust-lang/crates.io-index)" = "39092a32794787acd8525ee150305ff051b0aa6cc2abaf193924f5ab05425f39"
"checksum crc 1.8.1 (registry+https://github.com/rust-lang/crates.io-index)" = "d663548de7f5cca343f1e0a48d14dcfb0e9eb4e079ec58883b7251539fa10aeb"
"checksum gnuplot 0.0.26 (registry+https://github.com/rust-lang/crates.io-index)" = "94ced719051688349bcae457d79b0bb7a4f154ff53b5afef67be4c300651d913"
"checksum hound 3.4.0 (registry+https://github.com/rust-lang/crates.io-index)" = "8a164bb2ceaeff4f42542bdb847c41517c78a60f5649671b2a07312b6e117549"
